
Microsoft Visual Studio Solution File, Format Version 12.00
# Visual Studio 15
VisualStudioVersion = 15.0.27130.2027
MinimumVisualStudioVersion = 10.0.40219.1
Project("{FAE04EC0-301F-11D3-BF4B-00C04F79EFBC}") = "AngularWebApi", "AngularWebApi\AngularWebApi.csproj", "{B49658B1-644A-4E9A-8FC6-73F69FF1DF9D}"
EndProject
Project("{FAE04EC0-301F-11D3-BF4B-00C04F79EFBC}") = "AngularBlog.Model", "AngularBlog.Model\AngularBlog.Model.csproj", "{6CA9E7AE-CC75-4827-8603-B087F8C0FC68}"
EndProject
Project("{FAE04EC0-301F-11D3-BF4B-00C04F79EFBC}") = "AngularBlog.DAL", "AngularBlog.DAL\AngularBlog.DAL.csproj", "{DBA06A8A-30D6-4A80-93CF-CDD6763FBF68}"
EndProject
Global
	GlobalSection(SolutionConfigurationPlatforms) = preSolution
		Debug|Any CPU = Debug|Any CPU
		Release|Any CPU = Release|Any CPU
	EndGlobalSection
	GlobalSection(ProjectConfigurationPlatforms) = postSolution
		{B49658B1-644A-4E9A-8FC6-73F69FF1DF9D}.Debug|Any CPU.ActiveCfg = Debug|Any CPU
		{B49658B1-644A-4E9A-8FC6-73F69FF1DF9D}.Debug|Any CPU.Build.0 = Debug|Any CPU
		{B49658B1-644A-4E9A-8FC6-73F69FF1DF9D}.Release|Any CPU.ActiveCfg = Release|Any CPU
		{B49658B1-644A-4E9A-8FC6-73F69FF1DF9D}.Release|Any CPU.Build.0 = Release|Any CPU
		{6CA9E7AE-CC75-4827-8603-B087F8C0FC68}.Debug|Any CPU.ActiveCfg = Debug|Any CPU
		{6CA9E7AE-CC75-4827-8603-B087F8C0FC68}.Debug|Any CPU.Build.0 = Debug|Any CPU
		{6CA9E7AE-CC75-4827-8603-B087F8C0FC68}.Release|Any CPU.ActiveCfg = Release|Any CPU
		{6CA9E7AE-CC75-4827-8603-B087F8C0FC68}.Release|Any CPU.Build.0 = Release|Any CPU
		{DBA06A8A-30D6-4A80-93CF-CDD6763FBF68}.Debug|Any CPU.ActiveCfg = Debug|Any CPU
		{DBA06A8A-30D6-4A80-93CF-CDD6763FBF68}.Debug|Any CPU.Build.0 = Debug|Any CPU
		{DBA06A8A-30D6-4A80-93CF-CDD6763FBF68}.Release|Any CPU.ActiveCfg = Release|Any CPU
		{DBA06A8A-30D6-4A80-93CF-CDD6763FBF68}.Release|Any CPU.Build.0 = Release|Any CPU
	EndGlobalSection
	GlobalSection(SolutionProperties) = preSolution
		HideSolutionNode = FALSE
	EndGlobalSection
	GlobalSection(ExtensibilityGlobals) = postSolution
		SolutionGuid = {5E6DC77E-B6B5-4585-B4F8-D9838EE8A4D0}
	EndGlobalSection
EndGlobal
